<Solution>
  <Folder Name="/SolutionFolder/">
    <File Path=".gitignore" />
    <File Path="README.md" />
  </Folder>
  <Folder Name="/src/">
    <Project Path="src/EventProject/EventProject.csproj" />
  </Folder>
  <Folder Name="/tests/">
    <Project Path="tests/EventProject.Tests/EventProject.Tests.csproj" Id="11eeb38d-8755-46cb-9cbc-3acc11e7e76a" />
  </Folder>
</Solution>
