<Solution>
  <Folder Name="/SolutionFolder/">
    <File Path=".gitignore" />
    <File Path="README.md" />
    <File Path="src/Dashboard_1-1784792937353.json" />
      <File Path="src/docker-compose_all.yml" />
    <File Path="src/prometheus.yml" />
  </Folder>
  <Folder Name="/SolutionFolder/Grafana/">
    <File Path="src/grafana/provisioning/dashboards/dashboard.yml" />
    <File Path="src/grafana/provisioning/dashboards/Dashboard_1-1784792937353.json" />
    <File Path="src/grafana/provisioning/datasources/prometheus.yml" />
  </Folder>
  <Folder Name="/src/">
    <Project Path="src/EventProject.Shared/EventProject.Shared.csproj" />
  </Folder>
  <Folder Name="/src/Bookings/">
    <Project Path="src/EventProject.Bookings.Application/EventProject.Bookings.Application.csproj" />
    <Project Path="src/EventProject.Bookings.Domain/EventProject.Bookings.Domain.csproj" />
    <Project Path="src/EventProject.Bookings.Infrastructure/EventProject.Bookings.Infrastructure.csproj" />
    <Project Path="src/EventProject.Bookings.Presentation/EventProject.Bookings.Presentation.csproj" />
  </Folder>
  <Folder Name="/src/Events/">
    <Project Path="src/EventProject.Events.Application/EventProject.Events.Application.csproj" />
    <Project Path="src/EventProject.Events.Domain/EventProject.Events.Domain.csproj" />
    <Project Path="src/EventProject.Events.Infrastructure/EventProject.Events.Infrastructure.csproj" />
    <Project Path="src/EventProject.Events.Presentation/EventProject.Events.Presentation.csproj" />
  </Folder>
    <Folder Name="/src/Users/">
        <Project Path="src/EventProject.Users.Application/EventProject.Users.Application.csproj" />
        <Project Path="src/EventProject.Users.Domain/EventProject.Users.Domain.csproj" />
        <Project Path="src/EventProject.Users.Infrastructure/EventProject.Users.Infrastructure.csproj" />
        <Project Path="src/EventProject.Users.Presentation/EventProject.Users.Presentation.csproj" />
  </Folder>
  <Folder Name="/tests/">
    <Project Path="tests/EventProject.Bookings.Application.Tests/EventProject.Bookings.Application.Tests.csproj" />
    <Project Path="tests/EventProject.Bookings.Domain.Tests/EventProject.Bookings.Domain.Tests.csproj" />
    <Project Path="tests/EventProject.Bookings.Infrastructure.Tests/EventProject.Bookings.Infrastructure.Tests.csproj" />
    <Project Path="tests/EventProject.Events.Application.Tests/EventProject.Events.Application.Tests.csproj" />
    <Project Path="tests/EventProject.Events.Infrastructure.Tests/EventProject.Events.Infrastructure.Tests.csproj" />
    <Project Path="tests/EventProject.Users.Application.Tests/EventProject.Users.Application.Tests.csproj" />
    <Project Path="tests/EventProject.Users.Infrastructure.Tests/EventProject.Users.Infrastructure.Tests.csproj" />
  </Folder>
</Solution>
